
Microsoft Visual Studio Solution File, Format Version 12.00
# Visual Studio Version 16
VisualStudioVersion = 16.0.31005.135
MinimumVisualStudioVersion = 10.0.40219.1
Project("{FAE04EC0-301F-11D3-BF4B-00C04F79EFBC}") = "OutbreakBlazor", "OutbreakBlazor\OutbreakBlazor.csproj", "{AE4F5537-F3D1-4453-B8B7-6032E2C42260}"
EndProject
Project("{FAE04EC0-301F-11D3-BF4B-00C04F79EFBC}") = "OutbreakModels", "OutbreakModels\OutbreakModels.csproj", "{ABCB8571-BC08-40A1-BE69-43EAEB0823E9}"
EndProject
Project("{FAE04EC0-301F-11D3-BF4B-00C04F79EFBC}") = "OutbreakApi", "OutbreakApi\OutbreakApi.csproj", "{21C10097-1987-47A7-A2AE-67B3676BF76A}"
EndProject
Global
	GlobalSection(SolutionConfigurationPlatforms) = preSolution
		Debug|Any CPU = Debug|Any CPU
		Release|Any CPU = Release|Any CPU
	EndGlobalSection
	GlobalSection(ProjectConfigurationPlatforms) = postSolution
		{AE4F5537-F3D1-4453-B8B7-6032E2C42260}.Debug|Any CPU.ActiveCfg = Debug|Any CPU
		{AE4F5537-F3D1-4453-B8B7-6032E2C42260}.Debug|Any CPU.Build.0 = Debug|Any CPU
		{AE4F5537-F3D1-4453-B8B7-6032E2C42260}.Release|Any CPU.ActiveCfg = Release|Any CPU
		{AE4F5537-F3D1-4453-B8B7-6032E2C42260}.Release|Any CPU.Build.0 = Release|Any CPU
		{ABCB8571-BC08-40A1-BE69-43EAEB0823E9}.Debug|Any CPU.ActiveCfg = Debug|Any CPU
		{ABCB8571-BC08-40A1-BE69-43EAEB0823E9}.Debug|Any CPU.Build.0 = Debug|Any CPU
		{ABCB8571-BC08-40A1-BE69-43EAEB0823E9}.Release|Any CPU.ActiveCfg = Release|Any CPU
		{ABCB8571-BC08-40A1-BE69-43EAEB0823E9}.Release|Any CPU.Build.0 = Release|Any CPU
		{21C10097-1987-47A7-A2AE-67B3676BF76A}.Debug|Any CPU.ActiveCfg = Debug|Any CPU
		{21C10097-1987-47A7-A2AE-67B3676BF76A}.Debug|Any CPU.Build.0 = Debug|Any CPU
		{21C10097-1987-47A7-A2AE-67B3676BF76A}.Release|Any CPU.ActiveCfg = Release|Any CPU
		{21C10097-1987-47A7-A2AE-67B3676BF76A}.Release|Any CPU.Build.0 = Release|Any CPU
	EndGlobalSection
	GlobalSection(SolutionProperties) = preSolution
		HideSolutionNode = FALSE
	EndGlobalSection
	GlobalSection(ExtensibilityGlobals) = postSolution
		SolutionGuid = {65D39290-D6AA-49B6-98DA-58F46C8AE4FE}
	EndGlobalSection
EndGlobal
